
Microsoft Visual Studio Solution File, Format Version 12.00
Project("{FAE04EC0-301F-11D3-BF4B-00C04F79EFBC}") = "MemoryCacheExample", "MemoryCacheExample\MemoryCacheExample.csproj", "{75161E6F-ED6F-4B14-9029-22EB85EAA296}"
EndProject
Global
	GlobalSection(SolutionConfigurationPlatforms) = preSolution
		Debug|Any CPU = Debug|Any CPU
		Release|Any CPU = Release|Any CPU
	EndGlobalSection
	GlobalSection(ProjectConfigurationPlatforms) = postSolution
		{75161E6F-ED6F-4B14-9029-22EB85EAA296}.Debug|Any CPU.ActiveCfg = Debug|Any CPU
		{75161E6F-ED6F-4B14-9029-22EB85EAA296}.Debug|Any CPU.Build.0 = Debug|Any CPU
		{75161E6F-ED6F-4B14-9029-22EB85EAA296}.Release|Any CPU.ActiveCfg = Release|Any CPU
		{75161E6F-ED6F-4B14-9029-22EB85EAA296}.Release|Any CPU.Build.0 = Release|Any CPU
	EndGlobalSection
EndGlobal
